
Microsoft Visual Studio Solution File, Format Version 12.00
# Visual Studio Version 17
VisualStudioVersion = 17.3.32804.467
MinimumVisualStudioVersion = 10.0.40219.1
Project("{FAE04EC0-301F-11D3-BF4B-00C04F79EFBC}") = "UndertandingArrays", "UndertandingArrays.csproj", "{1BF67BEF-35D0-417F-8C21-C6E42737927C}"
EndProject
Global
	GlobalSection(SolutionConfigurationPlatforms) = preSolution
		Debug|Any CPU = Debug|Any CPU
		Release|Any CPU = Release|Any CPU
	EndGlobalSection
	GlobalSection(ProjectConfigurationPlatforms) = postSolution
		{1BF67BEF-35D0-417F-8C21-C6E42737927C}.Debug|Any CPU.ActiveCfg = Debug|Any CPU
		{1BF67BEF-35D0-417F-8C21-C6E42737927C}.Debug|Any CPU.Build.0 = Debug|Any CPU
		{1BF67BEF-35D0-417F-8C21-C6E42737927C}.Release|Any CPU.ActiveCfg = Release|Any CPU
		{1BF67BEF-35D0-417F-8C21-C6E42737927C}.Release|Any CPU.Build.0 = Release|Any CPU
	EndGlobalSection
	GlobalSection(SolutionProperties) = preSolution
		HideSolutionNode = FALSE
	EndGlobalSection
	GlobalSection(ExtensibilityGlobals) = postSolution
		SolutionGuid = {4671C57B-3E25-4C88-A919-FA1BCC1B4E38}
	EndGlobalSection
EndGlobal
