
Microsoft Visual Studio Solution File, Format Version 12.00
# Visual Studio Version 17
VisualStudioVersion = 17.3.32804.467
MinimumVisualStudioVersion = 10.0.40219.1
Project("{FAE04EC0-301F-11D3-BF4B-00C04F79EFBC}") = "HelperMethods", "HelperMethods.csproj", "{B9082E53-C558-42E8-B30D-CC05951A3ED3}"
EndProject
Global
	GlobalSection(SolutionConfigurationPlatforms) = preSolution
		Debug|Any CPU = Debug|Any CPU
		Release|Any CPU = Release|Any CPU
	EndGlobalSection
	GlobalSection(ProjectConfigurationPlatforms) = postSolution
		{B9082E53-C558-42E8-B30D-CC05951A3ED3}.Debug|Any CPU.ActiveCfg = Debug|Any CPU
		{B9082E53-C558-42E8-B30D-CC05951A3ED3}.Debug|Any CPU.Build.0 = Debug|Any CPU
		{B9082E53-C558-42E8-B30D-CC05951A3ED3}.Release|Any CPU.ActiveCfg = Release|Any CPU
		{B9082E53-C558-42E8-B30D-CC05951A3ED3}.Release|Any CPU.Build.0 = Release|Any CPU
	EndGlobalSection
	GlobalSection(SolutionProperties) = preSolution
		HideSolutionNode = FALSE
	EndGlobalSection
	GlobalSection(ExtensibilityGlobals) = postSolution
		SolutionGuid = {CBC0E6BE-7F06-4301-B56F-93225299515A}
	EndGlobalSection
EndGlobal
