
Microsoft Visual Studio Solution File, Format Version 12.00
# Visual Studio Version 17
VisualStudioVersion = 17.3.32804.467
MinimumVisualStudioVersion = 10.0.40219.1
Project("{FAE04EC0-301F-11D3-BF4B-00C04F79EFBC}") = "SimpleClasses", "SimpleClasses.csproj", "{C767C05E-89E4-48E1-BD37-2AEBD5A50C9D}"
EndProject
Global
	GlobalSection(SolutionConfigurationPlatforms) = preSolution
		Debug|Any CPU = Debug|Any CPU
		Release|Any CPU = Release|Any CPU
	EndGlobalSection
	GlobalSection(ProjectConfigurationPlatforms) = postSolution
		{C767C05E-89E4-48E1-BD37-2AEBD5A50C9D}.Debug|Any CPU.ActiveCfg = Debug|Any CPU
		{C767C05E-89E4-48E1-BD37-2AEBD5A50C9D}.Debug|Any CPU.Build.0 = Debug|Any CPU
		{C767C05E-89E4-48E1-BD37-2AEBD5A50C9D}.Release|Any CPU.ActiveCfg = Release|Any CPU
		{C767C05E-89E4-48E1-BD37-2AEBD5A50C9D}.Release|Any CPU.Build.0 = Release|Any CPU
	EndGlobalSection
	GlobalSection(SolutionProperties) = preSolution
		HideSolutionNode = FALSE
	EndGlobalSection
	GlobalSection(ExtensibilityGlobals) = postSolution
		SolutionGuid = {8FBE4017-BD8C-4165-A85C-BD8F4F3E2F09}
	EndGlobalSection
EndGlobal
